{
  "version": 4,
  "terraform_version": "1.6.3",
  "serial": 1,
  "lineage": "929a7f98-ce12-9be0-2431-124c503e9fbb",
  "outputs": {},
  "resources": [
    {
      "mode": "managed",
      "type": "aws_iam_user",
      "name": "terraform-course",
      "provider": "provider[\"registry.terraform.io/hashicorp/aws\"]",
      "instances": [
        {
          "schema_version": 0,
          "attributes": {
            "arn": "arn:aws:iam::957986144078:user/terraform-course",
            "force_destroy": false,
            "id": "terraform-course",
            "name": "terraform-course",
            "path": "/",
            "permissions_boundary": "",
            "tags": null,
            "tags_all": {},
            "unique_id": "AIDA56DDMP5HBFZMCQXRP"
          },
          "sensitive_attributes": [],
          "private": "bnVsbA=="
        }
      ]
    }
  ],
  "check_results": null
}
